PODS:
  - AMPopTip (3.0.3)
  - CKImageMap (0.1.6):
    - AMPopTip
    - Kingfisher
    - ObjectMapper (~> 2.2)
  - Kingfisher (4.5.0)
  - ObjectMapper (2.2.9)

DEPENDENCIES:
  - AMPopTip (from `https://github.com/kaich/AMPopTip.git`)
  - CKImageMap (from `https://github.com/kaich/CKImageMap.git`)

EXTERNAL SOURCES:
  AMPopTip:
    :git: https://github.com/kaich/AMPopTip.git
  CKImageMap:
    :git: https://github.com/kaich/CKImageMap.git

CHECKOUT OPTIONS:
  AMPopTip:
    :commit: fa553167645bdbe821c398755f4fc8d69f890c95
    :git: https://github.com/kaich/AMPopTip.git
  CKImageMap:
    :commit: 390ab5c97a566f30aed9b0109d97ccd3292b3873
    :git: https://github.com/kaich/CKImageMap.git

SPEC CHECKSUMS:
  AMPopTip: 0dd5044323464e267dddb3c91d25468f7a91f3f7
  CKImageMap: ae3280a215dfc68d3a7fbee1b715a3fa5a39f7ef
  Kingfisher: 26ae0473102b77b575da51960c932431e3745407
  ObjectMapper: 63cfe41bc6f8e7c8f44344c49901b8ae7de14c52

PODFILE CHECKSUM: 15e086a55dbaed53be86a7da3d3a5149815610c9

COCOAPODS: 1.3.1
